// !$*UTF8*$!
{
	archiveVersion = 1;
	classes = {
	};
	objectVersion = 56;
	objects = {

/* Begin PBXBuildFile section */
		76083AF42C184A4A0097BC9C /* SnapKit in Frameworks */ = {isa = PBXBuildFile; productRef = 76083AF32C184A4A0097BC9C /* SnapKit */; };
		76083AF62C184F980097BC9C /* NetworkManager.swift in Sources */ = {isa = PBXBuildFile; fileRef = 76083AF52C184F980097BC9C /* NetworkManager.swift */; };
		76083AF82C184FAE0097BC9C /* MovieDTO.swift in Sources */ = {isa = PBXBuildFile; fileRef = 76083AF72C184FAE0097BC9C /* MovieDTO.swift */; };
		76083AFB2C18511C0097BC9C /* Alamofire in Frameworks */ = {isa = PBXBuildFile; productRef = 76083AFA2C18511C0097BC9C /* Alamofire */; };
		76083AFE2C1858310097BC9C /* Kingfisher in Frameworks */ = {isa = PBXBuildFile; productRef = 76083AFD2C1858310097BC9C /* Kingfisher */; };
		76932E362C1837B500C744E5 /* AppDelegate.swift in Sources */ = {isa = PBXBuildFile; fileRef = 76932E352C1837B500C744E5 /* AppDelegate.swift */; };
		76932E382C1837B500C744E5 /* SceneDelegate.swift in Sources */ = {isa = PBXBuildFile; fileRef = 76932E372C1837B500C744E5 /* SceneDelegate.swift */; };
		76932E3A2C1837B500C744E5 /* SearchMoviewViewController.swift in Sources */ = {isa = PBXBuildFile; fileRef = 76932E392C1837B500C744E5 /* SearchMoviewViewController.swift */; };
		76932E3F2C1837B500C744E5 /* Assets.xcassets in Resources */ = {isa = PBXBuildFile; fileRef = 76932E3E2C1837B500C744E5 /* Assets.xcassets */; };
		76932E422C1837B500C744E5 /* LaunchScreen.storyboard in Resources */ = {isa = PBXBuildFile; fileRef = 76932E402C1837B500C744E5 /* LaunchScreen.storyboard */; };
		76A0E8EA2C18393B00A19A39 /* .gitignore in Resources */ = {isa = PBXBuildFile; fileRef = 76A0E8E92C18393B00A19A39 /* .gitignore */; };
		76A0E8F12C183B9E00A19A39 /* APIKey.swift in Sources */ = {isa = PBXBuildFile; fileRef = 76A0E8F02C183B9E00A19A39 /* APIKey.swift */; };
		76A0E8F32C183C5600A19A39 /* MovieCollectionViewCell.swift in Sources */ = {isa = PBXBuildFile; fileRef = 76A0E8F22C183C5600A19A39 /* MovieCollectionViewCell.swift */; };
/* End PBXBuildFile section */

/* Begin PBXFileReference section */
		76083AF52C184F980097BC9C /* NetworkManager.swift */ = {isa = PBXFileReference; lastKnownFileType = sourcecode.swift; path = NetworkManager.swift; sourceTree = "<group>"; };
		76083AF72C184FAE0097BC9C /* MovieDTO.swift */ = {isa = PBXFileReference; lastKnownFileType = sourcecode.swift; path = MovieDTO.swift; sourceTree = "<group>"; };
		76932E322C1837B500C744E5 /* SearchMovie.app */ = {isa = PBXFileReference; explicitFileType = wrapper.application; includeInIndex = 0; path = SearchMovie.app; sourceTree = BUILT_PRODUCTS_DIR; };
		76932E352C1837B500C744E5 /* AppDelegate.swift */ = {isa = PBXFileReference; lastKnownFileType = sourcecode.swift; path = AppDelegate.swift; sourceTree = "<group>"; };
		76932E372C1837B500C744E5 /* SceneDelegate.swift */ = {isa = PBXFileReference; lastKnownFileType = sourcecode.swift; path = SceneDelegate.swift; sourceTree = "<group>"; };
		76932E392C1837B500C744E5 /* SearchMoviewViewController.swift */ = {isa = PBXFileReference; lastKnownFileType = sourcecode.swift; path = SearchMoviewViewController.swift; sourceTree = "<group>"; };
		76932E3E2C1837B500C744E5 /* Assets.xcassets */ = {isa = PBXFileReference; lastKnownFileType = folder.assetcatalog; path = Assets.xcassets; sourceTree = "<group>"; };
		76932E412C1837B500C744E5 /* Base */ = {isa = PBXFileReference; lastKnownFileType = file.storyboard; name = Base; path = Base.lproj/LaunchScreen.storyboard; sourceTree = "<group>"; };
		76932E432C1837B500C744E5 /* Info.plist */ = {isa = PBXFileReference; lastKnownFileType = text.plist.xml; path = Info.plist; sourceTree = "<group>"; };
		76A0E8E92C18393B00A19A39 /* .gitignore */ = {isa = PBXFileReference; lastKnownFileType = text; path = .gitignore; sourceTree = "<group>"; };
		76A0E8F02C183B9E00A19A39 /* APIKey.swift */ = {isa = PBXFileReference; lastKnownFileType = sourcecode.swift; path = APIKey.swift; sourceTree = "<group>"; };
		76A0E8F22C183C5600A19A39 /* MovieCollectionViewCell.swift */ = {isa = PBXFileReference; lastKnownFileType = sourcecode.swift; path = MovieCollectionViewCell.swift; sourceTree = "<group>"; };
/* End PBXFileReference section */

/* Begin PBXFrameworksBuildPhase section */
		76932E2F2C1837B500C744E5 /* Frameworks */ = {
			isa = PBXFrameworksBuildPhase;
			buildActionMask = 2147483647;
			files = (
				76083AFE2C1858310097BC9C /* Kingfisher in Frameworks */,
				76083AF42C184A4A0097BC9C /* SnapKit in Frameworks */,
				76083AFB2C18511C0097BC9C /* Alamofire in Frameworks */,
			);
			runOnlyForDeploymentPostprocessing = 0;
		};
/* End PBXFrameworksBuildPhase section */

/* Begin PBXGroup section */
		76932E292C1837B400C744E5 = {
			isa = PBXGroup;
			children = (
				76A0E8E92C18393B00A19A39 /* .gitignore */,
				76932E342C1837B500C744E5 /* SearchMovie */,
				76932E332C1837B500C744E5 /* Products */,
			);
			sourceTree = "<group>";
		};
		76932E332C1837B500C744E5 /* Products */ = {
			isa = PBXGroup;
			children = (
				76932E322C1837B500C744E5 /* SearchMovie.app */,
			);
			name = Products;
			sourceTree = "<group>";
		};
		76932E342C1837B500C744E5 /* SearchMovie */ = {
			isa = PBXGroup;
			children = (
				76A0E8EF2C183B8C00A19A39 /* Helper */,
				76A0E8EE2C18396500A19A39 /* Models */,
				76A0E8ED2C18395D00A19A39 /* Views */,
				76A0E8EB2C18395200A19A39 /* Controllers */,
				76932E352C1837B500C744E5 /* AppDelegate.swift */,
				76932E372C1837B500C744E5 /* SceneDelegate.swift */,
				76932E3E2C1837B500C744E5 /* Assets.xcassets */,
				76932E402C1837B500C744E5 /* LaunchScreen.storyboard */,
				76932E432C1837B500C744E5 /* Info.plist */,
			);
			path = SearchMovie;
			sourceTree = "<group>";
		};
		76A0E8EB2C18395200A19A39 /* Controllers */ = {
			isa = PBXGroup;
			children = (
				76932E392C1837B500C744E5 /* SearchMoviewViewController.swift */,
			);
			path = Controllers;
			sourceTree = "<group>";
		};
		76A0E8ED2C18395D00A19A39 /* Views */ = {
			isa = PBXGroup;
			children = (
				76A0E8F22C183C5600A19A39 /* MovieCollectionViewCell.swift */,
			);
			path = Views;
			sourceTree = "<group>";
		};
		76A0E8EE2C18396500A19A39 /* Models */ = {
			isa = PBXGroup;
			children = (
				76083AF72C184FAE0097BC9C /* MovieDTO.swift */,
			);
			path = Models;
			sourceTree = "<group>";
		};
		76A0E8EF2C183B8C00A19A39 /* Helper */ = {
			isa = PBXGroup;
			children = (
				76A0E8F02C183B9E00A19A39 /* APIKey.swift */,
				76083AF52C184F980097BC9C /* NetworkManager.swift */,
			);
			path = Helper;
			sourceTree = "<group>";
		};
/* End PBXGroup section */

/* Begin PBXNativeTarget section */
		76932E312C1837B500C744E5 /* SearchMovie */ = {
			isa = PBXNativeTarget;
			buildConfigurationList = 76932E462C1837B600C744E5 /* Build configuration list for PBXNativeTarget "SearchMovie" */;
			buildPhases = (
				76932E2E2C1837B500C744E5 /* Sources */,
				76932E2F2C1837B500C744E5 /* Frameworks */,
				76932E302C1837B500C744E5 /* Resources */,
			);
			buildRules = (
			);
			dependencies = (
			);
			name = SearchMovie;
			packageProductDependencies = (
				76083AF32C184A4A0097BC9C /* SnapKit */,
				76083AFA2C18511C0097BC9C /* Alamofire */,
				76083AFD2C1858310097BC9C /* Kingfisher */,
			);
			productName = SearchMovie;
			productReference = 76932E322C1837B500C744E5 /* SearchMovie.app */;
			productType = "com.apple.product-type.application";
		};
/* End PBXNativeTarget section */

/* Begin PBXProject section */
		76932E2A2C1837B400C744E5 /* Project object */ = {
			isa = PBXProject;
			attributes = {
				BuildIndependentTargetsInParallel = 1;
				LastSwiftUpdateCheck = 1500;
				LastUpgradeCheck = 1500;
				TargetAttributes = {
					76932E312C1837B500C744E5 = {
						CreatedOnToolsVersion = 15.0.1;
					};
				};
			};
			buildConfigurationList = 76932E2D2C1837B400C744E5 /* Build configuration list for PBXProject "SearchMovie" */;
			compatibilityVersion = "Xcode 14.0";
			developmentRegion = en;
			hasScannedForEncodings = 0;
			knownRegions = (
				en,
				Base,
			);
			mainGroup = 76932E292C1837B400C744E5;
			packageReferences = (
				76083AF22C184A4A0097BC9C /* XCRemoteSwiftPackageReference "SnapKit" */,
				76083AF92C18511C0097BC9C /* XCRemoteSwiftPackageReference "Alamofire" */,
				76083AFC2C1858310097BC9C /* XCRemoteSwiftPackageReference "Kingfisher" */,
			);
			productRefGroup = 76932E332C1837B500C744E5 /* Products */;
			projectDirPath = "";
			projectRoot = "";
			targets = (
				76932E312C1837B500C744E5 /* SearchMovie */,
			);
		};
/* End PBXProject section */

/* Begin PBXResourcesBuildPhase section */
		76932E302C1837B500C744E5 /* Resources */ = {
			isa = PBXResourcesBuildPhase;
			buildActionMask = 2147483647;
			files = (
				76932E422C1837B500C744E5 /* LaunchScreen.storyboard in Resources */,
				76A0E8EA2C18393B00A19A39 /* .gitignore in Resources */,
				76932E3F2C1837B500C744E5 /* Assets.xcassets in Resources */,
			);
			runOnlyForDeploymentPostprocessing = 0;
		};
/* End PBXResourcesBuildPhase section */

/* Begin PBXSourcesBuildPhase section */
		76932E2E2C1837B500C744E5 /* Sources */ = {
			isa = PBXSourcesBuildPhase;
			buildActionMask = 2147483647;
			files = (
				76083AF62C184F980097BC9C /* NetworkManager.swift in Sources */,
				76932E3A2C1837B500C744E5 /* SearchMoviewViewController.swift in Sources */,
				76932E362C1837B500C744E5 /* AppDelegate.swift in Sources */,
				76A0E8F32C183C5600A19A39 /* MovieCollectionViewCell.swift in Sources */,
				76A0E8F12C183B9E00A19A39 /* APIKey.swift in Sources */,
				76932E382C1837B500C744E5 /* SceneDelegate.swift in Sources */,
				76083AF82C184FAE0097BC9C /* MovieDTO.swift in Sources */,
			);
			runOnlyForDeploymentPostprocessing = 0;
		};
/* End PBXSourcesBuildPhase section */

/* Begin PBXVariantGroup section */
		76932E402C1837B500C744E5 /* LaunchScreen.storyboard */ = {
			isa = PBXVariantGroup;
			children = (
				76932E412C1837B500C744E5 /* Base */,
			);
			name = LaunchScreen.storyboard;
			sourceTree = "<group>";
		};
/* End PBXVariantGroup section */

/* Begin XCBuildConfiguration section */
		76932E442C1837B600C744E5 /* Debug */ = {
			isa = XCBuildConfiguration;
			buildSettings = {
				ALWAYS_SEARCH_USER_PATHS = NO;
				ASSETCATALOG_COMPILER_GENERATE_SWIFT_ASSET_SYMBOL_EXTENSIONS = YES;
				CLANG_ANALYZER_NONNULL = YES;
				CLANG_ANALYZER_NUMBER_OBJECT_CONVERSION = YES_AGGRESSIVE;
				CLANG_CXX_LANGUAGE_STANDARD = "gnu++20";
				CLANG_ENABLE_MODULES = YES;
				CLANG_ENABLE_OBJC_ARC = YES;
				CLANG_ENABLE_OBJC_WEAK = YES;
				CLANG_WARN_BLOCK_CAPTURE_AUTORELEASING = YES;
				CLANG_WARN_BOOL_CONVERSION = YES;
				CLANG_WARN_COMMA = YES;
				CLANG_WARN_CONSTANT_CONVERSION = YES;
				CLANG_WARN_DEPRECATED_OBJC_IMPLEMENTATIONS = YES;
				CLANG_WARN_DIRECT_OBJC_ISA_USAGE = YES_ERROR;
				CLANG_WARN_DOCUMENTATION_COMMENTS = YES;
				CLANG_WARN_EMPTY_BODY = YES;
				CLANG_WARN_ENUM_CONVERSION = YES;
				CLANG_WARN_INFINITE_RECURSION = YES;
				CLANG_WARN_INT_CONVERSION = YES;
				CLANG_WARN_NON_LITERAL_NULL_CONVERSION = YES;
				CLANG_WARN_OBJC_IMPLICIT_RETAIN_SELF = YES;
				CLANG_WARN_OBJC_LITERAL_CONVERSION = YES;
				CLANG_WARN_OBJC_ROOT_CLASS = YES_ERROR;
				CLANG_WARN_QUOTED_INCLUDE_IN_FRAMEWORK_HEADER = YES;
				CLANG_WARN_RANGE_LOOP_ANALYSIS = YES;
				CLANG_WARN_STRICT_PROTOTYPES = YES;
				CLANG_WARN_SUSPICIOUS_MOVE = YES;
				CLANG_WARN_UNGUARDED_AVAILABILITY = YES_AGGRESSIVE;
				CLANG_WARN_UNREACHABLE_CODE = YES;
				CLANG_WARN__DUPLICATE_METHOD_MATCH = YES;
				COPY_PHASE_STRIP = NO;
				DEBUG_INFORMATION_FORMAT = dwarf;
				ENABLE_STRICT_OBJC_MSGSEND = YES;
				ENABLE_TESTABILITY = YES;
				ENABLE_USER_SCRIPT_SANDBOXING = YES;
				GCC_C_LANGUAGE_STANDARD = gnu17;
				GCC_DYNAMIC_NO_PIC = NO;
				GCC_NO_COMMON_BLOCKS = YES;
				GCC_OPTIMIZATION_LEVEL = 0;
				GCC_PREPROCESSOR_DEFINITIONS = (
					"DEBUG=1",
					"$(inherited)",
				);
				GCC_WARN_64_TO_32_BIT_CONVERSION = YES;
				GCC_WARN_ABOUT_RETURN_TYPE = YES_ERROR;
				GCC_WARN_UNDECLARED_SELECTOR = YES;
				GCC_WARN_UNINITIALIZED_AUTOS = YES_AGGRESSIVE;
				GCC_WARN_UNUSED_FUNCTION = YES;
				GCC_WARN_UNUSED_VARIABLE = YES;
				IPHONEOS_DEPLOYMENT_TARGET = 17.0;
				LOCALIZATION_PREFERS_STRING_CATALOGS = YES;
				MTL_ENABLE_DEBUG_INFO = INCLUDE_SOURCE;
				MTL_FAST_MATH = YES;
				ONLY_ACTIVE_ARCH = YES;
				SDKROOT = iphoneos;
				SWIFT_ACTIVE_COMPILATION_CONDITIONS = "DEBUG $(inherited)";
				SWIFT_OPTIMIZATION_LEVEL = "-Onone";
			};
			name = Debug;
		};
		76932E452C1837B600C744E5 /* Release */ = {
			isa = XCBuildConfiguration;
			buildSettings = {
				ALWAYS_SEARCH_USER_PATHS = NO;
				ASSETCATALOG_COMPILER_GENERATE_SWIFT_ASSET_SYMBOL_EXTENSIONS = YES;
				CLANG_ANALYZER_NONNULL = YES;
				CLANG_ANALYZER_NUMBER_OBJECT_CONVERSION = YES_AGGRESSIVE;
				CLANG_CXX_LANGUAGE_STANDARD = "gnu++20";
				CLANG_ENABLE_MODULES = YES;
				CLANG_ENABLE_OBJC_ARC = YES;
				CLANG_ENABLE_OBJC_WEAK = YES;
				CLANG_WARN_BLOCK_CAPTURE_AUTORELEASING = YES;
				CLANG_WARN_BOOL_CONVERSION = YES;
				CLANG_WARN_COMMA = YES;
				CLANG_WARN_CONSTANT_CONVERSION = YES;
				CLANG_WARN_DEPRECATED_OBJC_IMPLEMENTATIONS = YES;
				CLANG_WARN_DIRECT_OBJC_ISA_USAGE = YES_ERROR;
				CLANG_WARN_DOCUMENTATION_COMMENTS = YES;
				CLANG_WARN_EMPTY_BODY = YES;
				CLANG_WARN_ENUM_CONVERSION = YES;
				CLANG_WARN_INFINITE_RECURSION = YES;
				CLANG_WARN_INT_CONVERSION = YES;
				CLANG_WARN_NON_LITERAL_NULL_CONVERSION = YES;
				CLANG_WARN_OBJC_IMPLICIT_RETAIN_SELF = YES;
				CLANG_WARN_OBJC_LITERAL_CONVERSION = YES;
				CLANG_WARN_OBJC_ROOT_CLASS = YES_ERROR;
				CLANG_WARN_QUOTED_INCLUDE_IN_FRAMEWORK_HEADER = YES;
				CLANG_WARN_RANGE_LOOP_ANALYSIS = YES;
				CLANG_WARN_STRICT_PROTOTYPES = YES;
				CLANG_WARN_SUSPICIOUS_MOVE = YES;
				CLANG_WARN_UNGUARDED_AVAILABILITY = YES_AGGRESSIVE;
				CLANG_WARN_UNREACHABLE_CODE = YES;
				CLANG_WARN__DUPLICATE_METHOD_MATCH = YES;
				COPY_PHASE_STRIP = NO;
				DEBUG_INFORMATION_FORMAT = "dwarf-with-dsym";
				ENABLE_NS_ASSERTIONS = NO;
				ENABLE_STRICT_OBJC_MSGSEND = YES;
				ENABLE_USER_SCRIPT_SANDBOXING = YES;
				GCC_C_LANGUAGE_STANDARD = gnu17;
				GCC_NO_COMMON_BLOCKS = YES;
				GCC_WARN_64_TO_32_BIT_CONVERSION = YES;
				GCC_WARN_ABOUT_RETURN_TYPE = YES_ERROR;
				GCC_WARN_UNDECLARED_SELECTOR = YES;
				GCC_WARN_UNINITIALIZED_AUTOS = YES_AGGRESSIVE;
				GCC_WARN_UNUSED_FUNCTION = YES;
				GCC_WARN_UNUSED_VARIABLE = YES;
				IPHONEOS_DEPLOYMENT_TARGET = 17.0;
				LOCALIZATION_PREFERS_STRING_CATALOGS = YES;
				MTL_ENABLE_DEBUG_INFO = NO;
				MTL_FAST_MATH = YES;
				SDKROOT = iphoneos;
				SWIFT_COMPILATION_MODE = wholemodule;
				VALIDATE_PRODUCT = YES;
			};
			name = Release;
		};
		76932E472C1837B600C744E5 /* Debug */ = {
			isa = XCBuildConfiguration;
			buildSettings = {
				ASSETCATALOG_COMPILER_APPICON_NAME = AppIcon;
				ASSETCATALOG_COMPILER_GLOBAL_ACCENT_COLOR_NAME = AccentColor;
				CODE_SIGN_STYLE = Automatic;
				CURRENT_PROJECT_VERSION = 1;
				DEVELOPMENT_TEAM = A9AQ72K5MY;
				GENERATE_INFOPLIST_FILE = YES;
				INFOPLIST_FILE = SearchMovie/Info.plist;
				INFOPLIST_KEY_UIApplicationSupportsIndirectInputEvents = YES;
				INFOPLIST_KEY_UILaunchStoryboardName = LaunchScreen;
				INFOPLIST_KEY_UISupportedInterfaceOrientations = UIInterfaceOrientationPortrait;
				INFOPLIST_KEY_UISupportedInterfaceOrientations_iPad = "UIInterfaceOrientationLandscapeLeft UIInterfaceOrientationLandscapeRight UIInterfaceOrientationPortrait UIInterfaceOrientationPortraitUpsideDown";
				IPHONEOS_DEPLOYMENT_TARGET = 15.0;
				LD_RUNPATH_SEARCH_PATHS = (
					"$(inherited)",
					"@executable_path/Frameworks",
				);
				MARKETING_VERSION = 1.0;
				PRODUCT_BUNDLE_IDENTIFIER = com.iyeah.SearchMovie;
				PRODUCT_NAME = "$(TARGET_NAME)";
				SUPPORTED_PLATFORMS = "iphoneos iphonesimulator";
				SUPPORTS_MACCATALYST = NO;
				SUPPORTS_MAC_DESIGNED_FOR_IPHONE_IPAD = NO;
				SWIFT_EMIT_LOC_STRINGS = YES;
				SWIFT_VERSION = 5.0;
				TARGETED_DEVICE_FAMILY = 1;
			};
			name = Debug;
		};
		76932E482C1837B600C744E5 /* Release */ = {
			isa = XCBuildConfiguration;
			buildSettings = {
				ASSETCATALOG_COMPILER_APPICON_NAME = AppIcon;
				ASSETCATALOG_COMPILER_GLOBAL_ACCENT_COLOR_NAME = AccentColor;
				CODE_SIGN_STYLE = Automatic;
				CURRENT_PROJECT_VERSION = 1;
				DEVELOPMENT_TEAM = A9AQ72K5MY;
				GENERATE_INFOPLIST_FILE = YES;
				INFOPLIST_FILE = SearchMovie/Info.plist;
				INFOPLIST_KEY_UIApplicationSupportsIndirectInputEvents = YES;
				INFOPLIST_KEY_UILaunchStoryboardName = LaunchScreen;
				INFOPLIST_KEY_UISupportedInterfaceOrientations = UIInterfaceOrientationPortrait;
				INFOPLIST_KEY_UISupportedInterfaceOrientations_iPad = "UIInterfaceOrientationLandscapeLeft UIInterfaceOrientationLandscapeRight UIInterfaceOrientationPortrait UIInterfaceOrientationPortraitUpsideDown";
				IPHONEOS_DEPLOYMENT_TARGET = 15.0;
				LD_RUNPATH_SEARCH_PATHS = (
					"$(inherited)",
					"@executable_path/Frameworks",
				);
				MARKETING_VERSION = 1.0;
				PRODUCT_BUNDLE_IDENTIFIER = com.iyeah.SearchMovie;
				PRODUCT_NAME = "$(TARGET_NAME)";
				SUPPORTED_PLATFORMS = "iphoneos iphonesimulator";
				SUPPORTS_MACCATALYST = NO;
				SUPPORTS_MAC_DESIGNED_FOR_IPHONE_IPAD = NO;
				SWIFT_EMIT_LOC_STRINGS = YES;
				SWIFT_VERSION = 5.0;
				TARGETED_DEVICE_FAMILY = 1;
			};
			name = Release;
		};
/* End XCBuildConfiguration section */

/* Begin XCConfigurationList section */
		76932E2D2C1837B400C744E5 /* Build configuration list for PBXProject "SearchMovie" */ = {
			isa = XCConfigurationList;
			buildConfigurations = (
				76932E442C1837B600C744E5 /* Debug */,
				76932E452C1837B600C744E5 /* Release */,
			);
			defaultConfigurationIsVisible = 0;
			defaultConfigurationName = Release;
		};
		76932E462C1837B600C744E5 /* Build configuration list for PBXNativeTarget "SearchMovie" */ = {
			isa = XCConfigurationList;
			buildConfigurations = (
				76932E472C1837B600C744E5 /* Debug */,
				76932E482C1837B600C744E5 /* Release */,
			);
			defaultConfigurationIsVisible = 0;
			defaultConfigurationName = Release;
		};
/* End XCConfigurationList section */

/* Begin XCRemoteSwiftPackageReference section */
		76083AF22C184A4A0097BC9C /* XCRemoteSwiftPackageReference "SnapKit" */ = {
			isa = XCRemoteSwiftPackageReference;
			repositoryURL = "https://github.com/SnapKit/SnapKit.git";
			requirement = {
				kind = upToNextMajorVersion;
				minimumVersion = 5.7.1;
			};
		};
		76083AF92C18511C0097BC9C /* XCRemoteSwiftPackageReference "Alamofire" */ = {
			isa = XCRemoteSwiftPackageReference;
			repositoryURL = "https://github.com/Alamofire/Alamofire.git";
			requirement = {
				kind = upToNextMajorVersion;
				minimumVersion = 5.9.1;
			};
		};
		76083AFC2C1858310097BC9C /* XCRemoteSwiftPackageReference "Kingfisher" */ = {
			isa = XCRemoteSwiftPackageReference;
			repositoryURL = "https://github.com/onevcat/Kingfisher.git";
			requirement = {
				kind = upToNextMajorVersion;
				minimumVersion = 7.12.0;
			};
		};
/* End XCRemoteSwiftPackageReference section */

/* Begin XCSwiftPackageProductDependency section */
		76083AF32C184A4A0097BC9C /* SnapKit */ = {
			isa = XCSwiftPackageProductDependency;
			package = 76083AF22C184A4A0097BC9C /* XCRemoteSwiftPackageReference "SnapKit" */;
			productName = SnapKit;
		};
		76083AFA2C18511C0097BC9C /* Alamofire */ = {
			isa = XCSwiftPackageProductDependency;
			package = 76083AF92C18511C0097BC9C /* XCRemoteSwiftPackageReference "Alamofire" */;
			productName = Alamofire;
		};
		76083AFD2C1858310097BC9C /* Kingfisher */ = {
			isa = XCSwiftPackageProductDependency;
			package = 76083AFC2C1858310097BC9C /* XCRemoteSwiftPackageReference "Kingfisher" */;
			productName = Kingfisher;
		};
/* End XCSwiftPackageProductDependency section */
	};
	rootObject = 76932E2A2C1837B400C744E5 /* Project object */;
}
