// !$*UTF8*$!
{
	archiveVersion = 1;
	classes = {
	};
	objectVersion = 56;
	objects = {

/* Begin PBXBuildFile section */
		764E64A42C294DF5003F65BF /* AppDelegate.swift in Sources */ = {isa = PBXBuildFile; fileRef = 764E64A32C294DF5003F65BF /* AppDelegate.swift */; };
		764E64A62C294DF5003F65BF /* SceneDelegate.swift in Sources */ = {isa = PBXBuildFile; fileRef = 764E64A52C294DF5003F65BF /* SceneDelegate.swift */; };
		764E64AD2C294DF6003F65BF /* Assets.xcassets in Resources */ = {isa = PBXBuildFile; fileRef = 764E64AC2C294DF6003F65BF /* Assets.xcassets */; };
		764E64B02C294DF6003F65BF /* LaunchScreen.storyboard in Resources */ = {isa = PBXBuildFile; fileRef = 764E64AE2C294DF6003F65BF /* LaunchScreen.storyboard */; };
		764E64B82C294ECD003F65BF /* .gitignore in Resources */ = {isa = PBXBuildFile; fileRef = 764E64B72C294ECD003F65BF /* .gitignore */; };
		764E64BD2C294FA7003F65BF /* MovieCollectionViewCell.swift in Sources */ = {isa = PBXBuildFile; fileRef = 764E64BC2C294FA7003F65BF /* MovieCollectionViewCell.swift */; };
		764E64BF2C295028003F65BF /* MovieRootView.swift in Sources */ = {isa = PBXBuildFile; fileRef = 764E64BE2C295028003F65BF /* MovieRootView.swift */; };
		764E64C22C29505F003F65BF /* SnapKit in Frameworks */ = {isa = PBXBuildFile; productRef = 764E64C12C29505F003F65BF /* SnapKit */; };
		764E64C42C29561D003F65BF /* MovieViewController.swift in Sources */ = {isa = PBXBuildFile; fileRef = 764E64C32C29561C003F65BF /* MovieViewController.swift */; };
		764E64C62C295ADE003F65BF /* APIKey.swift in Sources */ = {isa = PBXBuildFile; fileRef = 764E64C52C295ADE003F65BF /* APIKey.swift */; };
		764E64C82C295D17003F65BF /* Movie.swift in Sources */ = {isa = PBXBuildFile; fileRef = 764E64C72C295D17003F65BF /* Movie.swift */; };
		764E64CB2C295E67003F65BF /* NetworkManager.swift in Sources */ = {isa = PBXBuildFile; fileRef = 764E64CA2C295E67003F65BF /* NetworkManager.swift */; };
		764E64CE2C295E78003F65BF /* Kingfisher in Frameworks */ = {isa = PBXBuildFile; productRef = 764E64CD2C295E78003F65BF /* Kingfisher */; };
		764E64D12C295E83003F65BF /* Alamofire in Frameworks */ = {isa = PBXBuildFile; productRef = 764E64D02C295E83003F65BF /* Alamofire */; };
		764E64D32C295FA2003F65BF /* SearchWord.swift in Sources */ = {isa = PBXBuildFile; fileRef = 764E64D22C295FA2003F65BF /* SearchWord.swift */; };
/* End PBXBuildFile section */

/* Begin PBXFileReference section */
		764E64A02C294DF5003F65BF /* Movie.app */ = {isa = PBXFileReference; explicitFileType = wrapper.application; includeInIndex = 0; path = Movie.app; sourceTree = BUILT_PRODUCTS_DIR; };
		764E64A32C294DF5003F65BF /* AppDelegate.swift */ = {isa = PBXFileReference; lastKnownFileType = sourcecode.swift; path = AppDelegate.swift; sourceTree = "<group>"; };
		764E64A52C294DF5003F65BF /* SceneDelegate.swift */ = {isa = PBXFileReference; lastKnownFileType = sourcecode.swift; path = SceneDelegate.swift; sourceTree = "<group>"; };
		764E64AC2C294DF6003F65BF /* Assets.xcassets */ = {isa = PBXFileReference; lastKnownFileType = folder.assetcatalog; path = Assets.xcassets; sourceTree = "<group>"; };
		764E64AF2C294DF6003F65BF /* Base */ = {isa = PBXFileReference; lastKnownFileType = file.storyboard; name = Base; path = Base.lproj/LaunchScreen.storyboard; sourceTree = "<group>"; };
		764E64B12C294DF6003F65BF /* Info.plist */ = {isa = PBXFileReference; lastKnownFileType = text.plist.xml; path = Info.plist; sourceTree = "<group>"; };
		764E64B72C294ECD003F65BF /* .gitignore */ = {isa = PBXFileReference; lastKnownFileType = text; path = .gitignore; sourceTree = "<group>"; };
		764E64BC2C294FA7003F65BF /* MovieCollectionViewCell.swift */ = {isa = PBXFileReference; lastKnownFileType = sourcecode.swift; path = MovieCollectionViewCell.swift; sourceTree = "<group>"; };
		764E64BE2C295028003F65BF /* MovieRootView.swift */ = {isa = PBXFileReference; lastKnownFileType = sourcecode.swift; path = MovieRootView.swift; sourceTree = "<group>"; };
		764E64C32C29561C003F65BF /* MovieViewController.swift */ = {isa = PBXFileReference; lastKnownFileType = sourcecode.swift; path = MovieViewController.swift; sourceTree = "<group>"; };
		764E64C52C295ADE003F65BF /* APIKey.swift */ = {isa = PBXFileReference; lastKnownFileType = sourcecode.swift; path = APIKey.swift; sourceTree = "<group>"; };
		764E64C72C295D17003F65BF /* Movie.swift */ = {isa = PBXFileReference; lastKnownFileType = sourcecode.swift; path = Movie.swift; sourceTree = "<group>"; };
		764E64CA2C295E67003F65BF /* NetworkManager.swift */ = {isa = PBXFileReference; lastKnownFileType = sourcecode.swift; path = NetworkManager.swift; sourceTree = "<group>"; };
		764E64D22C295FA2003F65BF /* SearchWord.swift */ = {isa = PBXFileReference; lastKnownFileType = sourcecode.swift; path = SearchWord.swift; sourceTree = "<group>"; };
/* End PBXFileReference section */

/* Begin PBXFrameworksBuildPhase section */
		764E649D2C294DF5003F65BF /* Frameworks */ = {
			isa = PBXFrameworksBuildPhase;
			buildActionMask = 2147483647;
			files = (
				764E64D12C295E83003F65BF /* Alamofire in Frameworks */,
				764E64CE2C295E78003F65BF /* Kingfisher in Frameworks */,
				764E64C22C29505F003F65BF /* SnapKit in Frameworks */,
			);
			runOnlyForDeploymentPostprocessing = 0;
		};
/* End PBXFrameworksBuildPhase section */

/* Begin PBXGroup section */
		764E64972C294DF5003F65BF = {
			isa = PBXGroup;
			children = (
				764E64B72C294ECD003F65BF /* .gitignore */,
				764E64A22C294DF5003F65BF /* Movie */,
				764E64A12C294DF5003F65BF /* Products */,
			);
			sourceTree = "<group>";
		};
		764E64A12C294DF5003F65BF /* Products */ = {
			isa = PBXGroup;
			children = (
				764E64A02C294DF5003F65BF /* Movie.app */,
			);
			name = Products;
			sourceTree = "<group>";
		};
		764E64A22C294DF5003F65BF /* Movie */ = {
			isa = PBXGroup;
			children = (
				764E64C52C295ADE003F65BF /* APIKey.swift */,
				764E64A32C294DF5003F65BF /* AppDelegate.swift */,
				764E64A52C294DF5003F65BF /* SceneDelegate.swift */,
				764E64C92C295E57003F65BF /* Network */,
				764E64BB2C294F54003F65BF /* Models */,
				764E64BA2C294F4E003F65BF /* Views */,
				764E64B92C294F45003F65BF /* Controllers */,
				764E64AC2C294DF6003F65BF /* Assets.xcassets */,
				764E64AE2C294DF6003F65BF /* LaunchScreen.storyboard */,
				764E64B12C294DF6003F65BF /* Info.plist */,
			);
			path = Movie;
			sourceTree = "<group>";
		};
		764E64B92C294F45003F65BF /* Controllers */ = {
			isa = PBXGroup;
			children = (
				764E64C32C29561C003F65BF /* MovieViewController.swift */,
			);
			path = Controllers;
			sourceTree = "<group>";
		};
		764E64BA2C294F4E003F65BF /* Views */ = {
			isa = PBXGroup;
			children = (
				764E64BC2C294FA7003F65BF /* MovieCollectionViewCell.swift */,
				764E64BE2C295028003F65BF /* MovieRootView.swift */,
			);
			path = Views;
			sourceTree = "<group>";
		};
		764E64BB2C294F54003F65BF /* Models */ = {
			isa = PBXGroup;
			children = (
				764E64C72C295D17003F65BF /* Movie.swift */,
				764E64D22C295FA2003F65BF /* SearchWord.swift */,
			);
			path = Models;
			sourceTree = "<group>";
		};
		764E64C92C295E57003F65BF /* Network */ = {
			isa = PBXGroup;
			children = (
				764E64CA2C295E67003F65BF /* NetworkManager.swift */,
			);
			path = Network;
			sourceTree = "<group>";
		};
/* End PBXGroup section */

/* Begin PBXNativeTarget section */
		764E649F2C294DF5003F65BF /* Movie */ = {
			isa = PBXNativeTarget;
			buildConfigurationList = 764E64B42C294DF6003F65BF /* Build configuration list for PBXNativeTarget "Movie" */;
			buildPhases = (
				764E649C2C294DF5003F65BF /* Sources */,
				764E649D2C294DF5003F65BF /* Frameworks */,
				764E649E2C294DF5003F65BF /* Resources */,
			);
			buildRules = (
			);
			dependencies = (
			);
			name = Movie;
			packageProductDependencies = (
				764E64C12C29505F003F65BF /* SnapKit */,
				764E64CD2C295E78003F65BF /* Kingfisher */,
				764E64D02C295E83003F65BF /* Alamofire */,
			);
			productName = Movie;
			productReference = 764E64A02C294DF5003F65BF /* Movie.app */;
			productType = "com.apple.product-type.application";
		};
/* End PBXNativeTarget section */

/* Begin PBXProject section */
		764E64982C294DF5003F65BF /* Project object */ = {
			isa = PBXProject;
			attributes = {
				BuildIndependentTargetsInParallel = 1;
				LastSwiftUpdateCheck = 1500;
				LastUpgradeCheck = 1500;
				TargetAttributes = {
					764E649F2C294DF5003F65BF = {
						CreatedOnToolsVersion = 15.0.1;
					};
				};
			};
			buildConfigurationList = 764E649B2C294DF5003F65BF /* Build configuration list for PBXProject "Movie" */;
			compatibilityVersion = "Xcode 14.0";
			developmentRegion = en;
			hasScannedForEncodings = 0;
			knownRegions = (
				en,
				Base,
			);
			mainGroup = 764E64972C294DF5003F65BF;
			packageReferences = (
				764E64C02C29505F003F65BF /* XCRemoteSwiftPackageReference "SnapKit" */,
				764E64CC2C295E78003F65BF /* XCRemoteSwiftPackageReference "Kingfisher" */,
				764E64CF2C295E83003F65BF /* XCRemoteSwiftPackageReference "Alamofire" */,
			);
			productRefGroup = 764E64A12C294DF5003F65BF /* Products */;
			projectDirPath = "";
			projectRoot = "";
			targets = (
				764E649F2C294DF5003F65BF /* Movie */,
			);
		};
/* End PBXProject section */

/* Begin PBXResourcesBuildPhase section */
		764E649E2C294DF5003F65BF /* Resources */ = {
			isa = PBXResourcesBuildPhase;
			buildActionMask = 2147483647;
			files = (
				764E64B02C294DF6003F65BF /* LaunchScreen.storyboard in Resources */,
				764E64B82C294ECD003F65BF /* .gitignore in Resources */,
				764E64AD2C294DF6003F65BF /* Assets.xcassets in Resources */,
			);
			runOnlyForDeploymentPostprocessing = 0;
		};
/* End PBXResourcesBuildPhase section */

/* Begin PBXSourcesBuildPhase section */
		764E649C2C294DF5003F65BF /* Sources */ = {
			isa = PBXSourcesBuildPhase;
			buildActionMask = 2147483647;
			files = (
				764E64BD2C294FA7003F65BF /* MovieCollectionViewCell.swift in Sources */,
				764E64D32C295FA2003F65BF /* SearchWord.swift in Sources */,
				764E64C82C295D17003F65BF /* Movie.swift in Sources */,
				764E64C42C29561D003F65BF /* MovieViewController.swift in Sources */,
				764E64BF2C295028003F65BF /* MovieRootView.swift in Sources */,
				764E64CB2C295E67003F65BF /* NetworkManager.swift in Sources */,
				764E64A42C294DF5003F65BF /* AppDelegate.swift in Sources */,
				764E64C62C295ADE003F65BF /* APIKey.swift in Sources */,
				764E64A62C294DF5003F65BF /* SceneDelegate.swift in Sources */,
			);
			runOnlyForDeploymentPostprocessing = 0;
		};
/* End PBXSourcesBuildPhase section */

/* Begin PBXVariantGroup section */
		764E64AE2C294DF6003F65BF /* LaunchScreen.storyboard */ = {
			isa = PBXVariantGroup;
			children = (
				764E64AF2C294DF6003F65BF /* Base */,
			);
			name = LaunchScreen.storyboard;
			sourceTree = "<group>";
		};
/* End PBXVariantGroup section */

/* Begin XCBuildConfiguration section */
		764E64B22C294DF6003F65BF /* Debug */ = {
			isa = XCBuildConfiguration;
			buildSettings = {
				ALWAYS_SEARCH_USER_PATHS = NO;
				ASSETCATALOG_COMPILER_GENERATE_SWIFT_ASSET_SYMBOL_EXTENSIONS = YES;
				CLANG_ANALYZER_NONNULL = YES;
				CLANG_ANALYZER_NUMBER_OBJECT_CONVERSION = YES_AGGRESSIVE;
				CLANG_CXX_LANGUAGE_STANDARD = "gnu++20";
				CLANG_ENABLE_MODULES = YES;
				CLANG_ENABLE_OBJC_ARC = YES;
				CLANG_ENABLE_OBJC_WEAK = YES;
				CLANG_WARN_BLOCK_CAPTURE_AUTORELEASING = YES;
				CLANG_WARN_BOOL_CONVERSION = YES;
				CLANG_WARN_COMMA = YES;
				CLANG_WARN_CONSTANT_CONVERSION = YES;
				CLANG_WARN_DEPRECATED_OBJC_IMPLEMENTATIONS = YES;
				CLANG_WARN_DIRECT_OBJC_ISA_USAGE = YES_ERROR;
				CLANG_WARN_DOCUMENTATION_COMMENTS = YES;
				CLANG_WARN_EMPTY_BODY = YES;
				CLANG_WARN_ENUM_CONVERSION = YES;
				CLANG_WARN_INFINITE_RECURSION = YES;
				CLANG_WARN_INT_CONVERSION = YES;
				CLANG_WARN_NON_LITERAL_NULL_CONVERSION = YES;
				CLANG_WARN_OBJC_IMPLICIT_RETAIN_SELF = YES;
				CLANG_WARN_OBJC_LITERAL_CONVERSION = YES;
				CLANG_WARN_OBJC_ROOT_CLASS = YES_ERROR;
				CLANG_WARN_QUOTED_INCLUDE_IN_FRAMEWORK_HEADER = YES;
				CLANG_WARN_RANGE_LOOP_ANALYSIS = YES;
				CLANG_WARN_STRICT_PROTOTYPES = YES;
				CLANG_WARN_SUSPICIOUS_MOVE = YES;
				CLANG_WARN_UNGUARDED_AVAILABILITY = YES_AGGRESSIVE;
				CLANG_WARN_UNREACHABLE_CODE = YES;
				CLANG_WARN__DUPLICATE_METHOD_MATCH = YES;
				COPY_PHASE_STRIP = NO;
				DEBUG_INFORMATION_FORMAT = dwarf;
				ENABLE_STRICT_OBJC_MSGSEND = YES;
				ENABLE_TESTABILITY = YES;
				ENABLE_USER_SCRIPT_SANDBOXING = YES;
				GCC_C_LANGUAGE_STANDARD = gnu17;
				GCC_DYNAMIC_NO_PIC = NO;
				GCC_NO_COMMON_BLOCKS = YES;
				GCC_OPTIMIZATION_LEVEL = 0;
				GCC_PREPROCESSOR_DEFINITIONS = (
					"DEBUG=1",
					"$(inherited)",
				);
				GCC_WARN_64_TO_32_BIT_CONVERSION = YES;
				GCC_WARN_ABOUT_RETURN_TYPE = YES_ERROR;
				GCC_WARN_UNDECLARED_SELECTOR = YES;
				GCC_WARN_UNINITIALIZED_AUTOS = YES_AGGRESSIVE;
				GCC_WARN_UNUSED_FUNCTION = YES;
				GCC_WARN_UNUSED_VARIABLE = YES;
				IPHONEOS_DEPLOYMENT_TARGET = 17.0;
				LOCALIZATION_PREFERS_STRING_CATALOGS = YES;
				MTL_ENABLE_DEBUG_INFO = INCLUDE_SOURCE;
				MTL_FAST_MATH = YES;
				ONLY_ACTIVE_ARCH = YES;
				SDKROOT = iphoneos;
				SWIFT_ACTIVE_COMPILATION_CONDITIONS = "DEBUG $(inherited)";
				SWIFT_OPTIMIZATION_LEVEL = "-Onone";
			};
			name = Debug;
		};
		764E64B32C294DF6003F65BF /* Release */ = {
			isa = XCBuildConfiguration;
			buildSettings = {
				ALWAYS_SEARCH_USER_PATHS = NO;
				ASSETCATALOG_COMPILER_GENERATE_SWIFT_ASSET_SYMBOL_EXTENSIONS = YES;
				CLANG_ANALYZER_NONNULL = YES;
				CLANG_ANALYZER_NUMBER_OBJECT_CONVERSION = YES_AGGRESSIVE;
				CLANG_CXX_LANGUAGE_STANDARD = "gnu++20";
				CLANG_ENABLE_MODULES = YES;
				CLANG_ENABLE_OBJC_ARC = YES;
				CLANG_ENABLE_OBJC_WEAK = YES;
				CLANG_WARN_BLOCK_CAPTURE_AUTORELEASING = YES;
				CLANG_WARN_BOOL_CONVERSION = YES;
				CLANG_WARN_COMMA = YES;
				CLANG_WARN_CONSTANT_CONVERSION = YES;
				CLANG_WARN_DEPRECATED_OBJC_IMPLEMENTATIONS = YES;
				CLANG_WARN_DIRECT_OBJC_ISA_USAGE = YES_ERROR;
				CLANG_WARN_DOCUMENTATION_COMMENTS = YES;
				CLANG_WARN_EMPTY_BODY = YES;
				CLANG_WARN_ENUM_CONVERSION = YES;
				CLANG_WARN_INFINITE_RECURSION = YES;
				CLANG_WARN_INT_CONVERSION = YES;
				CLANG_WARN_NON_LITERAL_NULL_CONVERSION = YES;
				CLANG_WARN_OBJC_IMPLICIT_RETAIN_SELF = YES;
				CLANG_WARN_OBJC_LITERAL_CONVERSION = YES;
				CLANG_WARN_OBJC_ROOT_CLASS = YES_ERROR;
				CLANG_WARN_QUOTED_INCLUDE_IN_FRAMEWORK_HEADER = YES;
				CLANG_WARN_RANGE_LOOP_ANALYSIS = YES;
				CLANG_WARN_STRICT_PROTOTYPES = YES;
				CLANG_WARN_SUSPICIOUS_MOVE = YES;
				CLANG_WARN_UNGUARDED_AVAILABILITY = YES_AGGRESSIVE;
				CLANG_WARN_UNREACHABLE_CODE = YES;
				CLANG_WARN__DUPLICATE_METHOD_MATCH = YES;
				COPY_PHASE_STRIP = NO;
				DEBUG_INFORMATION_FORMAT = "dwarf-with-dsym";
				ENABLE_NS_ASSERTIONS = NO;
				ENABLE_STRICT_OBJC_MSGSEND = YES;
				ENABLE_USER_SCRIPT_SANDBOXING = YES;
				GCC_C_LANGUAGE_STANDARD = gnu17;
				GCC_NO_COMMON_BLOCKS = YES;
				GCC_WARN_64_TO_32_BIT_CONVERSION = YES;
				GCC_WARN_ABOUT_RETURN_TYPE = YES_ERROR;
				GCC_WARN_UNDECLARED_SELECTOR = YES;
				GCC_WARN_UNINITIALIZED_AUTOS = YES_AGGRESSIVE;
				GCC_WARN_UNUSED_FUNCTION = YES;
				GCC_WARN_UNUSED_VARIABLE = YES;
				IPHONEOS_DEPLOYMENT_TARGET = 17.0;
				LOCALIZATION_PREFERS_STRING_CATALOGS = YES;
				MTL_ENABLE_DEBUG_INFO = NO;
				MTL_FAST_MATH = YES;
				SDKROOT = iphoneos;
				SWIFT_COMPILATION_MODE = wholemodule;
				VALIDATE_PRODUCT = YES;
			};
			name = Release;
		};
		764E64B52C294DF6003F65BF /* Debug */ = {
			isa = XCBuildConfiguration;
			buildSettings = {
				ASSETCATALOG_COMPILER_APPICON_NAME = AppIcon;
				ASSETCATALOG_COMPILER_GLOBAL_ACCENT_COLOR_NAME = AccentColor;
				CODE_SIGN_STYLE = Automatic;
				CURRENT_PROJECT_VERSION = 1;
				DEVELOPMENT_TEAM = A9AQ72K5MY;
				GENERATE_INFOPLIST_FILE = YES;
				INFOPLIST_FILE = Movie/Info.plist;
				INFOPLIST_KEY_UIApplicationSupportsIndirectInputEvents = YES;
				INFOPLIST_KEY_UILaunchStoryboardName = LaunchScreen;
				INFOPLIST_KEY_UIMainStoryboardFile = "";
				INFOPLIST_KEY_UISupportedInterfaceOrientations = UIInterfaceOrientationPortrait;
				INFOPLIST_KEY_UISupportedInterfaceOrientations_iPad = UIInterfaceOrientationPortrait;
				IPHONEOS_DEPLOYMENT_TARGET = 15.0;
				LD_RUNPATH_SEARCH_PATHS = (
					"$(inherited)",
					"@executable_path/Frameworks",
				);
				MARKETING_VERSION = 1.0;
				PRODUCT_BUNDLE_IDENTIFIER = com.iyeah.Movie;
				PRODUCT_NAME = "$(TARGET_NAME)";
				SUPPORTED_PLATFORMS = "iphoneos iphonesimulator";
				SUPPORTS_MACCATALYST = NO;
				SUPPORTS_MAC_DESIGNED_FOR_IPHONE_IPAD = NO;
				SWIFT_EMIT_LOC_STRINGS = YES;
				SWIFT_VERSION = 5.0;
				TARGETED_DEVICE_FAMILY = 1;
			};
			name = Debug;
		};
		764E64B62C294DF6003F65BF /* Release */ = {
			isa = XCBuildConfiguration;
			buildSettings = {
				ASSETCATALOG_COMPILER_APPICON_NAME = AppIcon;
				ASSETCATALOG_COMPILER_GLOBAL_ACCENT_COLOR_NAME = AccentColor;
				CODE_SIGN_STYLE = Automatic;
				CURRENT_PROJECT_VERSION = 1;
				DEVELOPMENT_TEAM = A9AQ72K5MY;
				GENERATE_INFOPLIST_FILE = YES;
				INFOPLIST_FILE = Movie/Info.plist;
				INFOPLIST_KEY_UIApplicationSupportsIndirectInputEvents = YES;
				INFOPLIST_KEY_UILaunchStoryboardName = LaunchScreen;
				INFOPLIST_KEY_UIMainStoryboardFile = "";
				INFOPLIST_KEY_UISupportedInterfaceOrientations = UIInterfaceOrientationPortrait;
				INFOPLIST_KEY_UISupportedInterfaceOrientations_iPad = UIInterfaceOrientationPortrait;
				IPHONEOS_DEPLOYMENT_TARGET = 15.0;
				LD_RUNPATH_SEARCH_PATHS = (
					"$(inherited)",
					"@executable_path/Frameworks",
				);
				MARKETING_VERSION = 1.0;
				PRODUCT_BUNDLE_IDENTIFIER = com.iyeah.Movie;
				PRODUCT_NAME = "$(TARGET_NAME)";
				SUPPORTED_PLATFORMS = "iphoneos iphonesimulator";
				SUPPORTS_MACCATALYST = NO;
				SUPPORTS_MAC_DESIGNED_FOR_IPHONE_IPAD = NO;
				SWIFT_EMIT_LOC_STRINGS = YES;
				SWIFT_VERSION = 5.0;
				TARGETED_DEVICE_FAMILY = 1;
			};
			name = Release;
		};
/* End XCBuildConfiguration section */

/* Begin XCConfigurationList section */
		764E649B2C294DF5003F65BF /* Build configuration list for PBXProject "Movie" */ = {
			isa = XCConfigurationList;
			buildConfigurations = (
				764E64B22C294DF6003F65BF /* Debug */,
				764E64B32C294DF6003F65BF /* Release */,
			);
			defaultConfigurationIsVisible = 0;
			defaultConfigurationName = Release;
		};
		764E64B42C294DF6003F65BF /* Build configuration list for PBXNativeTarget "Movie" */ = {
			isa = XCConfigurationList;
			buildConfigurations = (
				764E64B52C294DF6003F65BF /* Debug */,
				764E64B62C294DF6003F65BF /* Release */,
			);
			defaultConfigurationIsVisible = 0;
			defaultConfigurationName = Release;
		};
/* End XCConfigurationList section */

/* Begin XCRemoteSwiftPackageReference section */
		764E64C02C29505F003F65BF /* XCRemoteSwiftPackageReference "SnapKit" */ = {
			isa = XCRemoteSwiftPackageReference;
			repositoryURL = "https://github.com/SnapKit/SnapKit.git";
			requirement = {
				kind = upToNextMajorVersion;
				minimumVersion = 5.7.1;
			};
		};
		764E64CC2C295E78003F65BF /* XCRemoteSwiftPackageReference "Kingfisher" */ = {
			isa = XCRemoteSwiftPackageReference;
			repositoryURL = "https://github.com/onevcat/Kingfisher.git";
			requirement = {
				kind = upToNextMajorVersion;
				minimumVersion = 7.12.0;
			};
		};
		764E64CF2C295E83003F65BF /* XCRemoteSwiftPackageReference "Alamofire" */ = {
			isa = XCRemoteSwiftPackageReference;
			repositoryURL = "https://github.com/Alamofire/Alamofire.git";
			requirement = {
				kind = upToNextMajorVersion;
				minimumVersion = 5.9.1;
			};
		};
/* End XCRemoteSwiftPackageReference section */

/* Begin XCSwiftPackageProductDependency section */
		764E64C12C29505F003F65BF /* SnapKit */ = {
			isa = XCSwiftPackageProductDependency;
			package = 764E64C02C29505F003F65BF /* XCRemoteSwiftPackageReference "SnapKit" */;
			productName = SnapKit;
		};
		764E64CD2C295E78003F65BF /* Kingfisher */ = {
			isa = XCSwiftPackageProductDependency;
			package = 764E64CC2C295E78003F65BF /* XCRemoteSwiftPackageReference "Kingfisher" */;
			productName = Kingfisher;
		};
		764E64D02C295E83003F65BF /* Alamofire */ = {
			isa = XCSwiftPackageProductDependency;
			package = 764E64CF2C295E83003F65BF /* XCRemoteSwiftPackageReference "Alamofire" */;
			productName = Alamofire;
		};
/* End XCSwiftPackageProductDependency section */
	};
	rootObject = 764E64982C294DF5003F65BF /* Project object */;
}
